
Microsoft Visual Studio Solution File, Format Version 12.00
# Visual Studio Version 17
VisualStudioVersion = 17.0.31903.59
MinimumVisualStudioVersion = 10.0.40219.1
Project("{FAE04EC0-301F-11D3-BF4B-00C04F79EFBC}") = "VicStelmak.CIAA.Infrastructure", "VicStelmak.CIAA.Infrastructure\VicStelmak.CIAA.Infrastructure.csproj", "{E43BC8E2-10D1-4C18-A30F-B5654CA562CE}"
EndProject
Project("{FAE04EC0-301F-11D3-BF4B-00C04F79EFBC}") = "VicStelmak.CIAA.WebUI", "VicStelmak.CIAA.WebUI\VicStelmak.CIAA.WebUI.csproj", "{C2964DC7-DC32-46F7-818D-FE7E86F240BC}"
EndProject
Global
	GlobalSection(SolutionConfigurationPlatforms) = preSolution
		Debug|Any CPU = Debug|Any CPU
		Release|Any CPU = Release|Any CPU
	EndGlobalSection
	GlobalSection(ProjectConfigurationPlatforms) = postSolution
		{E43BC8E2-10D1-4C18-A30F-B5654CA562CE}.Debug|Any CPU.ActiveCfg = Debug|Any CPU
		{E43BC8E2-10D1-4C18-A30F-B5654CA562CE}.Debug|Any CPU.Build.0 = Debug|Any CPU
		{E43BC8E2-10D1-4C18-A30F-B5654CA562CE}.Release|Any CPU.ActiveCfg = Release|Any CPU
		{E43BC8E2-10D1-4C18-A30F-B5654CA562CE}.Release|Any CPU.Build.0 = Release|Any CPU
		{C2964DC7-DC32-46F7-818D-FE7E86F240BC}.Debug|Any CPU.ActiveCfg = Debug|Any CPU
		{C2964DC7-DC32-46F7-818D-FE7E86F240BC}.Debug|Any CPU.Build.0 = Debug|Any CPU
		{C2964DC7-DC32-46F7-818D-FE7E86F240BC}.Release|Any CPU.ActiveCfg = Release|Any CPU
		{C2964DC7-DC32-46F7-818D-FE7E86F240BC}.Release|Any CPU.Build.0 = Release|Any CPU
	EndGlobalSection
	GlobalSection(SolutionProperties) = preSolution
		HideSolutionNode = FALSE
	EndGlobalSection
	GlobalSection(ExtensibilityGlobals) = postSolution
		SolutionGuid = {4F14ABA2-05C8-47BF-A99A-ECCE042049F0}
	EndGlobalSection
EndGlobal
